
Microsoft Visual Studio Solution File, Format Version 12.00
# Visual Studio Version 16
VisualStudioVersion = 16.0.31515.178
MinimumVisualStudioVersion = 10.0.40219.1
Project("{9A19103F-16F7-4668-BE54-9A1E7A4F7556}") = "DrugsAPI", "DrugsAPI.csproj", "{60F0C70D-62D6-45EB-97BB-B586AA47FA7A}"
EndProject
Project("{FAE04EC0-301F-11D3-BF4B-00C04F79EFBC}") = "DrugAPI.Testing", "DrugAPI.Testing\DrugAPI.Testing.csproj", "{2F776FEB-85CC-4CF0-943E-3241B134B3E7}"
EndProject
Global
	GlobalSection(SolutionConfigurationPlatforms) = preSolution
		Debug|Any CPU = Debug|Any CPU
		Release|Any CPU = Release|Any CPU
	EndGlobalSection
	GlobalSection(ProjectConfigurationPlatforms) = postSolution
		{60F0C70D-62D6-45EB-97BB-B586AA47FA7A}.Debug|Any CPU.ActiveCfg = Debug|Any CPU
		{60F0C70D-62D6-45EB-97BB-B586AA47FA7A}.Debug|Any CPU.Build.0 = Debug|Any CPU
		{60F0C70D-62D6-45EB-97BB-B586AA47FA7A}.Release|Any CPU.ActiveCfg = Release|Any CPU
		{60F0C70D-62D6-45EB-97BB-B586AA47FA7A}.Release|Any CPU.Build.0 = Release|Any CPU
		{2F776FEB-85CC-4CF0-943E-3241B134B3E7}.Debug|Any CPU.ActiveCfg = Debug|Any CPU
		{2F776FEB-85CC-4CF0-943E-3241B134B3E7}.Debug|Any CPU.Build.0 = Debug|Any CPU
		{2F776FEB-85CC-4CF0-943E-3241B134B3E7}.Release|Any CPU.ActiveCfg = Release|Any CPU
		{2F776FEB-85CC-4CF0-943E-3241B134B3E7}.Release|Any CPU.Build.0 = Release|Any CPU
	EndGlobalSection
	GlobalSection(SolutionProperties) = preSolution
		HideSolutionNode = FALSE
	EndGlobalSection
	GlobalSection(ExtensibilityGlobals) = postSolution
		SolutionGuid = {7A527722-3AFE-4ED7-88A6-544EE243B8B0}
	EndGlobalSection
EndGlobal
