
Microsoft Visual Studio Solution File, Format Version 12.00
# Visual Studio Version 16
VisualStudioVersion = 16.0.31702.278
MinimumVisualStudioVersion = 10.0.40219.1
Project("{9A19103F-16F7-4668-BE54-9A1E7A4F7556}") = "AuthenticationService", "AuthenticationService\AuthenticationService.csproj", "{1CE8642B-D744-478E-AF86-820B15A2D56B}"
EndProject
Project("{FAE04EC0-301F-11D3-BF4B-00C04F79EFBC}") = "AuthenticationService.Testing", "AuthenticationService.Testing\AuthenticationService.Testing.csproj", "{20183733-76D8-426C-B71F-5B780E9D84B1}"
EndProject
Global
	GlobalSection(SolutionConfigurationPlatforms) = preSolution
		Debug|Any CPU = Debug|Any CPU
		Release|Any CPU = Release|Any CPU
	EndGlobalSection
	GlobalSection(ProjectConfigurationPlatforms) = postSolution
		{1CE8642B-D744-478E-AF86-820B15A2D56B}.Debug|Any CPU.ActiveCfg = Debug|Any CPU
		{1CE8642B-D744-478E-AF86-820B15A2D56B}.Debug|Any CPU.Build.0 = Debug|Any CPU
		{1CE8642B-D744-478E-AF86-820B15A2D56B}.Release|Any CPU.ActiveCfg = Release|Any CPU
		{1CE8642B-D744-478E-AF86-820B15A2D56B}.Release|Any CPU.Build.0 = Release|Any CPU
		{20183733-76D8-426C-B71F-5B780E9D84B1}.Debug|Any CPU.ActiveCfg = Debug|Any CPU
		{20183733-76D8-426C-B71F-5B780E9D84B1}.Debug|Any CPU.Build.0 = Debug|Any CPU
		{20183733-76D8-426C-B71F-5B780E9D84B1}.Release|Any CPU.ActiveCfg = Release|Any CPU
		{20183733-76D8-426C-B71F-5B780E9D84B1}.Release|Any CPU.Build.0 = Release|Any CPU
	EndGlobalSection
	GlobalSection(SolutionProperties) = preSolution
		HideSolutionNode = FALSE
	EndGlobalSection
	GlobalSection(ExtensibilityGlobals) = postSolution
		SolutionGuid = {A261E3C5-1BBF-4F00-9F28-08CACD1A7D1C}
	EndGlobalSection
EndGlobal
